{
  "version": 4,
  "terraform_version": "1.8.5",
  "serial": 162,
  "lineage": "e7f2e973-8735-5056-8965-82c32eb8dff2",
  "outputs": {},
  "resources": [
    {
      "module": "module.cloudRun[\"test-cloudrun-srv\"]",
      "mode": "managed",
      "type": "google_cloud_run_service",
      "name": "default",
      "provider": "provider[\"registry.terraform.io/hashicorp/google\"]",
      "instances": [
        {
          "status": "tainted",
          "schema_version": 2,
          "attributes": {
            "autogenerate_revision_name": true,
            "id": "locations/us-central1/namespaces/gcp-cloudrun-nodejs-mysql-app/services/test-cloudrun-srv",
            "location": "us-central1",
            "metadata": null,
            "name": "test-cloudrun-srv",
            "project": "gcp-cloudrun-nodejs-mysql-app",
            "status": null,
            "template": [
              {
                "metadata": [
                  {
                    "annotations": {
                      "autoscaling.knative.dev/maxScale": "10",
                      "run.googleapis.com/client-name": "terraform",
                      "run.googleapis.com/cloudsql-instances": "gcp-cloudrun-nodejs-mysql-app:us-central1:cloudrun-sql",
                      "timeout_seconds": "6000"
                    },
                    "generation": 0,
                    "labels": {},
                    "name": "",
                    "namespace": "",
                    "resource_version": "",
                    "self_link": "",
                    "uid": ""
                  }
                ],
                "spec": [
                  {
                    "container_concurrency": 0,
                    "containers": [
                      {
                        "args": null,
                        "command": null,
                        "env": [],
                        "env_from": [],
                        "image": "gcr.io/gcp-cloudrun-nodejs-mysql-app/nodejsapp@sha256:8ab48ab223ab3c044eadbae291f4846b9b34261812d176dc6f80f747299ca1f3",
                        "liveness_probe": [],
                        "name": "",
                        "ports": [
                          {
                            "container_port": 3000,
                            "name": "",
                            "protocol": ""
                          }
                        ],
                        "resources": [],
                        "startup_probe": [],
                        "volume_mounts": [],
                        "working_dir": ""
                      }
                    ],
                    "service_account_name": "",
                    "serving_state": "",
                    "timeout_seconds": 0,
                    "volumes": []
                  }
                ]
              }
            ],
            "timeouts": null,
            "traffic": null
          },
          "sensitive_attributes": [],
          "private": "eyJlMmJmYjczMC1lY2FhLTExZTYtOGY4OC0zNDM2M2JjN2M0YzAiOnsiY3JlYXRlIjoxMjAwMDAwMDAwMDAwLCJkZWxldGUiOjEyMDAwMDAwMDAwMDAsInVwZGF0ZSI6MTIwMDAwMDAwMDAwMH0sInNjaGVtYV92ZXJzaW9uIjoiMiJ9"
        }
      ]
    },
    {
      "module": "module.cloudSql[\"cloudrun-sql\"]",
      "mode": "managed",
      "type": "google_sql_database_instance",
      "name": "instance",
      "provider": "provider[\"registry.terraform.io/hashicorp/google\"]",
      "instances": [
        {
          "schema_version": 0,
          "attributes": {
            "available_maintenance_versions": [],
            "clone": [],
            "connection_name": "gcp-cloudrun-nodejs-mysql-app:us-central1:cloudrun-sql",
            "database_version": "MYSQL_5_7",
            "deletion_protection": false,
            "dns_name": "",
            "encryption_key_name": null,
            "first_ip_address": "34.171.244.66",
            "id": "cloudrun-sql",
            "instance_type": "CLOUD_SQL_INSTANCE",
            "ip_address": [
              {
                "ip_address": "34.171.244.66",
                "time_to_retire": "",
                "type": "PRIMARY"
              }
            ],
            "maintenance_version": "MYSQL_5_7_44.R20241020.00_00",
            "master_instance_name": "",
            "name": "cloudrun-sql",
            "private_ip_address": "",
            "project": "gcp-cloudrun-nodejs-mysql-app",
            "psc_service_attachment_link": "",
            "public_ip_address": "34.171.244.66",
            "region": "us-central1",
            "replica_configuration": [],
            "restore_backup_context": [],
            "root_password": null,
            "self_link": "https://sqladmin.googleapis.com/sql/v1beta4/projects/gcp-cloudrun-nodejs-mysql-app/instances/cloudrun-sql",
            "server_ca_cert": [
              {
                "cert": "-----BEGIN CERTIFICATE-----\nMIIDfzCCAmegAwIBAgIBADANBgkqhkiG9w0BAQsFADB3MS0wKwYDVQQuEyQzYjQ5\nNTEwZC0zZjYwLTRhZDAtYmNmOC0yZTUxY2U3N2QwY2MxIzAhBgNVBAMTGkdvb2ds\nZSBDbG91ZCBTUUwgU2VydmVyIENBMRQwEgYDVQQKEwtHb29nbGUsIEluYzELMAkG\nA1UEBhMCVVMwHhcNMjQxMTA0MDY0MjE2WhcNMzQxMTAyMDY0MzE2WjB3MS0wKwYD\nVQQuEyQzYjQ5NTEwZC0zZjYwLTRhZDAtYmNmOC0yZTUxY2U3N2QwY2MxIzAhBgNV\nBAMTGkdvb2dsZSBDbG91ZCBTUUwgU2VydmVyIENBMRQwEgYDVQQKEwtHb29nbGUs\nIEluYzELMAkGA1UEBhMCVVMwggEiMA0GCSqGSIb3DQEBAQUAA4IBDwAwggEKAoIB\nAQC0W3QGhZ4+uHs6yJDmoW56btO7f0Oj9j4kVCz9AmoU5QFvoJZ61GQ9/MufdWYR\nef9Fpy4eavhKt+Dv9X1NUUlzEzJMbz82w9RLJa7C5+FP7BH8y5n6CvRg76cQtcyY\nSiKA0P88nwCYAP4RHwNDOFFA43P9PPJu4s1AZcGIV/Vu6pYaATjJxcsxBMN1oUuw\ndtF3qaVlqQgFWE6K1IczI7Ou4mpQ7SaGNjgrTua3BrUF+6KObeIxcm7ciHU/QGCc\nhaS+ovCObWwGmHsMZw56UdY5Fn502lSdx4jvrKGUVa1mgzuUbXwSAUiZEiSEyA4f\nzeqy+qy8txTbijoEtEx4OvaJAgMBAAGjFjAUMBIGA1UdEwEB/wQIMAYBAf8CAQAw\nDQYJKoZIhvcNAQELBQADggEBADg8eAUjxRbpbqCkwfqQCYKa3Dg5F8zNfdZPhMJC\n7DF7ccrmdaRtlqkzOIDmye7IgXzGKTEy/DM2tyiWwGh4R9J4ntrY3TtqjxTubvqn\nhrx2+h0RdqSjwKxuClFKhQMeW83Kl/sBfckAp4uH7PweyFbVdyu5QoTrIAwz6Ld5\n6ka2RKci+m92yCNi8Ds5IY2nGLLa3cOjVgenOnue6HK+glguyqd279RFqnhgpahn\nZuWX7hxpj23G0hGsA1ENBU2/YFVhdq9GBEtvDeXsy1VbwE6PTxUI37aLxSxtLZGx\nd2JrYDVsszPqaFwSl7+K/sZyQW3n4DdQv0ofoszYPhCV3RE=\n-----END CERTIFICATE-----",
                "common_name": "C=US,O=Google\\, Inc,CN=Google Cloud SQL Server CA,dnQualifier=3b49510d-3f60-4ad0-bcf8-2e51ce77d0cc",
                "create_time": "2024-11-04T06:42:16.608Z",
                "expiration_time": "2034-11-02T06:43:16.608Z",
                "sha1_fingerprint": "5ee7ebf6bc0dda0e304dbdaff11eec86d6415b45"
              }
            ],
            "service_account_email_address": "p277275469326-g8r4dt@gcp-sa-cloud-sql.iam.gserviceaccount.com",
            "settings": [
              {
                "activation_policy": "ALWAYS",
                "active_directory_config": [],
                "advanced_machine_features": [],
                "availability_type": "ZONAL",
                "backup_configuration": [
                  {
                    "backup_retention_settings": [
                      {
                        "retained_backups": 7,
                        "retention_unit": "COUNT"
                      }
                    ],
                    "binary_log_enabled": false,
                    "enabled": false,
                    "location": "",
                    "point_in_time_recovery_enabled": false,
                    "start_time": "23:00",
                    "transaction_log_retention_days": 7
                  }
                ],
                "collation": "",
                "connector_enforcement": "NOT_REQUIRED",
                "data_cache_config": [],
                "database_flags": [],
                "deletion_protection_enabled": false,
                "deny_maintenance_period": [],
                "disk_autoresize": true,
                "disk_autoresize_limit": 0,
                "disk_size": 10,
                "disk_type": "PD_SSD",
                "edition": "ENTERPRISE",
                "enable_google_ml_integration": false,
                "insights_config": [],
                "ip_configuration": [
                  {
                    "allocated_ip_range": "",
                    "authorized_networks": [],
                    "enable_private_path_for_google_cloud_services": false,
                    "ipv4_enabled": true,
                    "private_network": "",
                    "psc_config": [],
                    "require_ssl": false,
                    "ssl_mode": ""
                  }
                ],
                "location_preference": [
                  {
                    "follow_gae_application": "",
                    "secondary_zone": "",
                    "zone": "us-central1-f"
                  }
                ],
                "maintenance_window": [],
                "password_validation_policy": [],
                "pricing_plan": "PER_USE",
                "sql_server_audit_config": [],
                "tier": "db-f1-micro",
                "time_zone": "",
                "user_labels": {},
                "version": 1
              }
            ],
            "timeouts": null
          },
          "sensitive_attributes": [
            [
              {
                "type": "get_attr",
                "value": "server_ca_cert"
              }
            ],
            [
              {
                "type": "get_attr",
                "value": "root_password"
              }
            ]
          ],
          "private": "eyJlMmJmYjczMC1lY2FhLTExZTYtOGY4OC0zNDM2M2JjN2M0YzAiOnsiY3JlYXRlIjoyNDAwMDAwMDAwMDAwLCJkZWxldGUiOjE4MDAwMDAwMDAwMDAsInVwZGF0ZSI6MTgwMDAwMDAwMDAwMH19"
        }
      ]
    }
  ],
  "check_results": null
}
